
Microsoft Visual Studio Solution File, Format Version 12.00
# Visual Studio Version 16
VisualStudioVersion = 16.0.31402.337
MinimumVisualStudioVersion = 10.0.40219.1
Project("{FAE04EC0-301F-11D3-BF4B-00C04F79EFBC}") = "XamarinCodeDemo.Android", "XamarinCodeDemo.Android\XamarinCodeDemo.Android.csproj", "{B73F531C-3EC0-4220-BEBF-40E13CD55423}"
EndProject
Project("{FAE04EC0-301F-11D3-BF4B-00C04F79EFBC}") = "XamarinCodeDemo.iOS", "XamarinCodeDemo.iOS\XamarinCodeDemo.iOS.csproj", "{EBE11B02-F52D-4BC1-BE08-DC2F2CEEB60B}"
EndProject
Project("{FAE04EC0-301F-11D3-BF4B-00C04F79EFBC}") = "XamarinCodeDemo", "XamarinCodeDemo\XamarinCodeDemo.csproj", "{7CE354C5-013D-4E91-8F62-9BA447776CF6}"
EndProject
Global
	GlobalSection(SolutionConfigurationPlatforms) = preSolution
		Debug|Any CPU = Debug|Any CPU
		Debug|iPhone = Debug|iPhone
		Debug|iPhoneSimulator = Debug|iPhoneSimulator
		Release|Any CPU = Release|Any CPU
		Release|iPhone = Release|iPhone
		Release|iPhoneSimulator = Release|iPhoneSimulator
	EndGlobalSection
	GlobalSection(ProjectConfigurationPlatforms) = postSolution
		{B73F531C-3EC0-4220-BEBF-40E13CD55423}.Debug|Any CPU.ActiveCfg = Debug|Any CPU
		{B73F531C-3EC0-4220-BEBF-40E13CD55423}.Debug|Any CPU.Build.0 = Debug|Any CPU
		{B73F531C-3EC0-4220-BEBF-40E13CD55423}.Debug|Any CPU.Deploy.0 = Debug|Any CPU
		{B73F531C-3EC0-4220-BEBF-40E13CD55423}.Debug|iPhone.ActiveCfg = Debug|Any CPU
		{B73F531C-3EC0-4220-BEBF-40E13CD55423}.Debug|iPhone.Build.0 = Debug|Any CPU
		{B73F531C-3EC0-4220-BEBF-40E13CD55423}.Debug|iPhone.Deploy.0 = Debug|Any CPU
		{B73F531C-3EC0-4220-BEBF-40E13CD55423}.Debug|iPhoneSimulator.ActiveCfg = Debug|Any CPU
		{B73F531C-3EC0-4220-BEBF-40E13CD55423}.Debug|iPhoneSimulator.Build.0 = Debug|Any CPU
		{B73F531C-3EC0-4220-BEBF-40E13CD55423}.Debug|iPhoneSimulator.Deploy.0 = Debug|Any CPU
		{B73F531C-3EC0-4220-BEBF-40E13CD55423}.Release|Any CPU.ActiveCfg = Release|Any CPU
		{B73F531C-3EC0-4220-BEBF-40E13CD55423}.Release|Any CPU.Build.0 = Release|Any CPU
		{B73F531C-3EC0-4220-BEBF-40E13CD55423}.Release|Any CPU.Deploy.0 = Release|Any CPU
		{B73F531C-3EC0-4220-BEBF-40E13CD55423}.Release|iPhone.ActiveCfg = Release|Any CPU
		{B73F531C-3EC0-4220-BEBF-40E13CD55423}.Release|iPhone.Build.0 = Release|Any CPU
		{B73F531C-3EC0-4220-BEBF-40E13CD55423}.Release|iPhone.Deploy.0 = Release|Any CPU
		{B73F531C-3EC0-4220-BEBF-40E13CD55423}.Release|iPhoneSimulator.ActiveCfg = Release|Any CPU
		{B73F531C-3EC0-4220-BEBF-40E13CD55423}.Release|iPhoneSimulator.Build.0 = Release|Any CPU
		{B73F531C-3EC0-4220-BEBF-40E13CD55423}.Release|iPhoneSimulator.Deploy.0 = Release|Any CPU
		{EBE11B02-F52D-4BC1-BE08-DC2F2CEEB60B}.Debug|Any CPU.ActiveCfg = Debug|iPhone
		{EBE11B02-F52D-4BC1-BE08-DC2F2CEEB60B}.Debug|Any CPU.Build.0 = Debug|iPhone
		{EBE11B02-F52D-4BC1-BE08-DC2F2CEEB60B}.Debug|Any CPU.Deploy.0 = Debug|iPhone
		{EBE11B02-F52D-4BC1-BE08-DC2F2CEEB60B}.Debug|iPhone.ActiveCfg = Debug|iPhone
		{EBE11B02-F52D-4BC1-BE08-DC2F2CEEB60B}.Debug|iPhone.Build.0 = Debug|iPhone
		{EBE11B02-F52D-4BC1-BE08-DC2F2CEEB60B}.Debug|iPhone.Deploy.0 = Debug|iPhone
		{EBE11B02-F52D-4BC1-BE08-DC2F2CEEB60B}.Debug|iPhoneSimulator.ActiveCfg = Debug|iPhoneSimulator
		{EBE11B02-F52D-4BC1-BE08-DC2F2CEEB60B}.Debug|iPhoneSimulator.Build.0 = Debug|iPhoneSimulator
		{EBE11B02-F52D-4BC1-BE08-DC2F2CEEB60B}.Debug|iPhoneSimulator.Deploy.0 = Debug|iPhoneSimulator
		{EBE11B02-F52D-4BC1-BE08-DC2F2CEEB60B}.Release|Any CPU.ActiveCfg = Release|iPhoneSimulator
		{EBE11B02-F52D-4BC1-BE08-DC2F2CEEB60B}.Release|Any CPU.Build.0 = Release|iPhoneSimulator
		{EBE11B02-F52D-4BC1-BE08-DC2F2CEEB60B}.Release|Any CPU.Deploy.0 = Release|iPhoneSimulator
		{EBE11B02-F52D-4BC1-BE08-DC2F2CEEB60B}.Release|iPhone.ActiveCfg = Release|iPhone
		{EBE11B02-F52D-4BC1-BE08-DC2F2CEEB60B}.Release|iPhone.Build.0 = Release|iPhone
		{EBE11B02-F52D-4BC1-BE08-DC2F2CEEB60B}.Release|iPhone.Deploy.0 = Release|iPhone
		{EBE11B02-F52D-4BC1-BE08-DC2F2CEEB60B}.Release|iPhoneSimulator.ActiveCfg = Release|iPhoneSimulator
		{EBE11B02-F52D-4BC1-BE08-DC2F2CEEB60B}.Release|iPhoneSimulator.Build.0 = Release|iPhoneSimulator
		{EBE11B02-F52D-4BC1-BE08-DC2F2CEEB60B}.Release|iPhoneSimulator.Deploy.0 = Release|iPhoneSimulator
		{7CE354C5-013D-4E91-8F62-9BA447776CF6}.Debug|Any CPU.ActiveCfg = Debug|Any CPU
		{7CE354C5-013D-4E91-8F62-9BA447776CF6}.Debug|Any CPU.Build.0 = Debug|Any CPU
		{7CE354C5-013D-4E91-8F62-9BA447776CF6}.Debug|Any CPU.Deploy.0 = Debug|Any CPU
		{7CE354C5-013D-4E91-8F62-9BA447776CF6}.Debug|iPhone.ActiveCfg = Debug|Any CPU
		{7CE354C5-013D-4E91-8F62-9BA447776CF6}.Debug|iPhone.Build.0 = Debug|Any CPU
		{7CE354C5-013D-4E91-8F62-9BA447776CF6}.Debug|iPhone.Deploy.0 = Debug|Any CPU
		{7CE354C5-013D-4E91-8F62-9BA447776CF6}.Debug|iPhoneSimulator.ActiveCfg = Debug|Any CPU
		{7CE354C5-013D-4E91-8F62-9BA447776CF6}.Debug|iPhoneSimulator.Build.0 = Debug|Any CPU
		{7CE354C5-013D-4E91-8F62-9BA447776CF6}.Debug|iPhoneSimulator.Deploy.0 = Debug|Any CPU
		{7CE354C5-013D-4E91-8F62-9BA447776CF6}.Release|Any CPU.ActiveCfg = Release|Any CPU
		{7CE354C5-013D-4E91-8F62-9BA447776CF6}.Release|Any CPU.Build.0 = Release|Any CPU
		{7CE354C5-013D-4E91-8F62-9BA447776CF6}.Release|Any CPU.Deploy.0 = Release|Any CPU
		{7CE354C5-013D-4E91-8F62-9BA447776CF6}.Release|iPhone.ActiveCfg = Release|Any CPU
		{7CE354C5-013D-4E91-8F62-9BA447776CF6}.Release|iPhone.Build.0 = Release|Any CPU
		{7CE354C5-013D-4E91-8F62-9BA447776CF6}.Release|iPhone.Deploy.0 = Release|Any CPU
		{7CE354C5-013D-4E91-8F62-9BA447776CF6}.Release|iPhoneSimulator.ActiveCfg = Release|Any CPU
		{7CE354C5-013D-4E91-8F62-9BA447776CF6}.Release|iPhoneSimulator.Build.0 = Release|Any CPU
		{7CE354C5-013D-4E91-8F62-9BA447776CF6}.Release|iPhoneSimulator.Deploy.0 = Release|Any CPU
	EndGlobalSection
	GlobalSection(SolutionProperties) = preSolution
		HideSolutionNode = FALSE
	EndGlobalSection
	GlobalSection(ExtensibilityGlobals) = postSolution
		SolutionGuid = {DAA0693F-998D-4F4C-BF93-4040890F46A8}
	EndGlobalSection
EndGlobal
